{
  "lockfile_version": "1",
  "packages": {
    "expect@latest": {
      "last_modified": "2025-02-07T11:26:36Z",
      "resolved": "github:NixOS/nixpkgs/d98abf5cf5914e5e4e9d57205e3af55ca90ffc1d#expect",
      "source": "devbox-search",
      "version": "5.45.4",
      "systems": {
        "aarch64-darwin": {
          "outputs": [
            {
              "name": "out",
              "path": "/nix/store/pmibmpk5mslip7qnzx9rmxgqnl2j9v9y-expect-5.45.4",
              "default": true
            },
            {
              "name": "dev",
              "path": "/nix/store/gfg7214f78b2hipgx7xzq7f2hgnh4yba-expect-5.45.4-dev"
            }
          ],
          "store_path": "/nix/store/pmibmpk5mslip7qnzx9rmxgqnl2j9v9y-expect-5.45.4"
        },
        "aarch64-linux": {
          "outputs": [
            {
              "name": "out",
              "path": "/nix/store/hxx4irag3yxfpdcgv3kcs5pcmkn3k62b-expect-5.45.4",
              "default": true
            },
            {
              "name": "dev",
              "path": "/nix/store/m46w4834zn5p03v6knzn5ylizj2nfccz-expect-5.45.4-dev"
            }
          ],
          "store_path": "/nix/store/hxx4irag3yxfpdcgv3kcs5pcmkn3k62b-expect-5.45.4"
        },
        "x86_64-darwin": {
          "outputs": [
            {
              "name": "out",
              "path": "/nix/store/h1f4y9wxnbhr71yz2gyi8w60r7vivx4d-expect-5.45.4",
              "default": true
            },
            {
              "name": "dev",
              "path": "/nix/store/f832gwm0ji5abm0x42wfrxvm2z9mzdp2-expect-5.45.4-dev"
            }
          ],
          "store_path": "/nix/store/h1f4y9wxnbhr71yz2gyi8w60r7vivx4d-expect-5.45.4"
        },
        "x86_64-linux": {
          "outputs": [
            {
              "name": "out",
              "path": "/nix/store/qc1ramwi9imvav70wd7v95srg1k6la6x-expect-5.45.4",
              "default": true
            },
            {
              "name": "dev",
              "path": "/nix/store/h142sw02vq16jnbcw7bmznfpfw7hpl7x-expect-5.45.4-dev"
            }
          ],
          "store_path": "/nix/store/qc1ramwi9imvav70wd7v95srg1k6la6x-expect-5.45.4"
        }
      }
    },
    "github:NixOS/nixpkgs/nixpkgs-unstable": {
      "resolved": "github:NixOS/nixpkgs/b62d2a95c72fb068aecd374a7262b37ed92df82b?lastModified=1741708242&narHash=sha256-cNRqdQD4sZpN7JLqxVOze4%2BWsWTmv2DGH0wNCOVwrWc%3D"
    },
    "gnumake@latest": {
      "last_modified": "2025-02-27T15:48:43Z",
      "resolved": "github:NixOS/nixpkgs/6c5c5f5100281f8f4ff23f13edd17d645178c87c#gnumake",
      "source": "devbox-search",
      "version": "4.4.1",
      "systems": {
        "aarch64-darwin": {
          "outputs": [
            {
              "name": "out",
              "path": "/nix/store/sbi3qw92i2lmm50agfl6hyys4ns5p1cb-gnumake-4.4.1",
              "default": true
            },
            {
              "name": "man",
              "path": "/nix/store/wy7f1yyfq701271vnrr2f5kzbq14ldwb-gnumake-4.4.1-man",
              "default": true
            },
            {
              "name": "info",
              "path": "/nix/store/hawnsgjd9lxxdwgbs3vmqf0074kdzzwg-gnumake-4.4.1-info"
            }
          ],
          "store_path": "/nix/store/sbi3qw92i2lmm50agfl6hyys4ns5p1cb-gnumake-4.4.1"
        },
        "aarch64-linux": {
          "outputs": [
            {
              "name": "out",
              "path": "/nix/store/1bpzdjww9yy9m3a1plxldg62wcjmk2xp-gnumake-4.4.1",
              "default": true
            },
            {
              "name": "man",
              "path": "/nix/store/08b54hn46qgaxb785f4a5xnglni14j09-gnumake-4.4.1-man",
              "default": true
            },
            {
              "name": "debug",
              "path": "/nix/store/gjdnyxla25610y0k3wkkzmp95agz4rbi-gnumake-4.4.1-debug"
            },
            {
              "name": "info",
              "path": "/nix/store/c9fxaq63vkxfry9nsqa64lnzdmb8xx6x-gnumake-4.4.1-info"
            }
          ],
          "store_path": "/nix/store/1bpzdjww9yy9m3a1plxldg62wcjmk2xp-gnumake-4.4.1"
        },
        "x86_64-darwin": {
          "outputs": [
            {
              "name": "out",
              "path": "/nix/store/phxnsrf7p9ydqy9rzm1b2hgifj0sq2jf-gnumake-4.4.1",
              "default": true
            },
            {
              "name": "man",
              "path": "/nix/store/4hxywqd01lg9llz89xhpnkvbhs7kviw9-gnumake-4.4.1-man",
              "default": true
            },
            {
              "name": "info",
              "path": "/nix/store/6svs2xnshx2hjl92mhknrw6b1j2fixj6-gnumake-4.4.1-info"
            }
          ],
          "store_path": "/nix/store/phxnsrf7p9ydqy9rzm1b2hgifj0sq2jf-gnumake-4.4.1"
        },
        "x86_64-linux": {
          "outputs": [
            {
              "name": "out",
              "path": "/nix/store/zi18rs3z305sn57biq8ahvfkcw17bkjm-gnumake-4.4.1",
              "default": true
            },
            {
              "name": "man",
              "path": "/nix/store/sa0chp0fw3101292x6a6jx8crbfsg7wi-gnumake-4.4.1-man",
              "default": true
            },
            {
              "name": "debug",
              "path": "/nix/store/6aaydvwwhb5jr7zk32xyyj9wyv4cwh4a-gnumake-4.4.1-debug"
            },
            {
              "name": "info",
              "path": "/nix/store/dm92ddr8j4hc7h5zqav0r7kpzkrwzlrx-gnumake-4.4.1-info"
            }
          ],
          "store_path": "/nix/store/zi18rs3z305sn57biq8ahvfkcw17bkjm-gnumake-4.4.1"
        }
      }
    },
    "gnupg@latest": {
      "last_modified": "2025-02-24T11:23:12Z",
      "resolved": "github:NixOS/nixpkgs/d9b69c3ec2a2e2e971c534065bdd53374bd68b97#gnupg",
      "source": "devbox-search",
      "version": "2.4.7",
      "systems": {
        "aarch64-darwin": {
          "outputs": [
            {
              "name": "out",
              "path": "/nix/store/acj9dh5psznc6hm0m5y94f2g5a23qk8g-gnupg-2.4.7",
              "default": true
            }
          ],
          "store_path": "/nix/store/acj9dh5psznc6hm0m5y94f2g5a23qk8g-gnupg-2.4.7"
        },
        "aarch64-linux": {
          "outputs": [
            {
              "name": "out",
              "path": "/nix/store/0bm89s951hw7hng8adppiiz5bch332d9-gnupg-2.4.7",
              "default": true
            }
          ],
          "store_path": "/nix/store/0bm89s951hw7hng8adppiiz5bch332d9-gnupg-2.4.7"
        },
        "x86_64-darwin": {
          "outputs": [
            {
              "name": "out",
              "path": "/nix/store/lnjc0qfbbpnpzj7fq7y7agwpiyvhs803-gnupg-2.4.7",
              "default": true
            }
          ],
          "store_path": "/nix/store/lnjc0qfbbpnpzj7fq7y7agwpiyvhs803-gnupg-2.4.7"
        },
        "x86_64-linux": {
          "outputs": [
            {
              "name": "out",
              "path": "/nix/store/fnsx85fxjavdmfxv7xilw7sk7snilvv0-gnupg-2.4.7",
              "default": true
            }
          ],
          "store_path": "/nix/store/fnsx85fxjavdmfxv7xilw7sk7snilvv0-gnupg-2.4.7"
        }
      }
    },
    "libvirt@latest": {
      "last_modified": "2025-02-28T17:02:31Z",
      "resolved": "github:NixOS/nixpkgs/5954d3359cc7178623da6c7fd23dc7f7504d7187#libvirt",
      "source": "devbox-search",
      "version": "10.10.0",
      "systems": {
        "aarch64-darwin": {
          "outputs": [
            {
              "name": "out",
              "path": "/nix/store/asq7nb1f1v52rml98dhlhx34sgiaisnc-libvirt-10.10.0",
              "default": true
            }
          ],
          "store_path": "/nix/store/asq7nb1f1v52rml98dhlhx34sgiaisnc-libvirt-10.10.0"
        },
        "aarch64-linux": {
          "outputs": [
            {
              "name": "out",
              "path": "/nix/store/d33aj5bw0qr2fdzj6prvwbcsxfvqx83s-libvirt-10.10.0",
              "default": true
            }
          ],
          "store_path": "/nix/store/d33aj5bw0qr2fdzj6prvwbcsxfvqx83s-libvirt-10.10.0"
        },
        "x86_64-darwin": {
          "outputs": [
            {
              "name": "out",
              "path": "/nix/store/4nvn2lj9alfmjwva7h2mf6708y3pdl4q-libvirt-10.10.0",
              "default": true
            }
          ],
          "store_path": "/nix/store/4nvn2lj9alfmjwva7h2mf6708y3pdl4q-libvirt-10.10.0"
        },
        "x86_64-linux": {
          "outputs": [
            {
              "name": "out",
              "path": "/nix/store/cl6fadhi66qch2nc0zmzyvxmlylp35ca-libvirt-10.10.0",
              "default": true
            }
          ],
          "store_path": "/nix/store/cl6fadhi66qch2nc0zmzyvxmlylp35ca-libvirt-10.10.0"
        }
      }
    },
    "networkmanager@latest": {
      "last_modified": "2025-02-27T15:48:43Z",
      "resolved": "github:NixOS/nixpkgs/6c5c5f5100281f8f4ff23f13edd17d645178c87c#networkmanager",
      "source": "devbox-search",
      "version": "1.50.2",
      "systems": {
        "aarch64-linux": {
          "outputs": [
            {
              "name": "out",
              "path": "/nix/store/xvnhgxxjpz3ck1a5z0xl8dhljannlnbj-networkmanager-1.50.2",
              "default": true
            },
            {
              "name": "man",
              "path": "/nix/store/vgd157jmsispwxi5sk8yh64c16bv5lnv-networkmanager-1.50.2-man",
              "default": true
            },
            {
              "name": "dev",
              "path": "/nix/store/b8p32dharfc6mi3rm7qfm3kjnvcj1r1b-networkmanager-1.50.2-dev"
            },
            {
              "name": "devdoc",
              "path": "/nix/store/fk5jm362by6xcxnwb6yw7ngrnqm56vb6-networkmanager-1.50.2-devdoc"
            },
            {
              "name": "doc",
              "path": "/nix/store/rdc0z1kaa06ya9mn1drllc9rx734hxjc-networkmanager-1.50.2-doc"
            }
          ],
          "store_path": "/nix/store/xvnhgxxjpz3ck1a5z0xl8dhljannlnbj-networkmanager-1.50.2"
        },
        "x86_64-linux": {
          "outputs": [
            {
              "name": "out",
              "path": "/nix/store/m1lks9233izgdiz3j6ggmz1b1ddi1rn7-networkmanager-1.50.2",
              "default": true
            },
            {
              "name": "man",
              "path": "/nix/store/55824yhm4y4fw01kx3awh3sjljs3iy3n-networkmanager-1.50.2-man",
              "default": true
            },
            {
              "name": "dev",
              "path": "/nix/store/p4d4ilzg1j8xzq43yavnjwrp6inik4n9-networkmanager-1.50.2-dev"
            },
            {
              "name": "devdoc",
              "path": "/nix/store/qrskmis0x9lb2rr5cxb4dxz3ds5g14wg-networkmanager-1.50.2-devdoc"
            },
            {
              "name": "doc",
              "path": "/nix/store/sx8j1532c4q29ifm9d40wkippkx46rkn-networkmanager-1.50.2-doc"
            }
          ],
          "store_path": "/nix/store/m1lks9233izgdiz3j6ggmz1b1ddi1rn7-networkmanager-1.50.2"
        }
      }
    },
    "poetry@latest": {
      "last_modified": "2025-02-24T11:23:12Z",
      "plugin_version": "0.0.4",
      "resolved": "github:NixOS/nixpkgs/d9b69c3ec2a2e2e971c534065bdd53374bd68b97#poetry",
      "source": "devbox-search",
      "version": "2.0.1",
      "systems": {
        "aarch64-darwin": {
          "outputs": [
            {
              "name": "out",
              "path": "/nix/store/lkg375pric4dk6zv3y41whbxlknl4wap-python3.12-poetry-2.0.1",
              "default": true
            },
            {
              "name": "dist",
              "path": "/nix/store/4j5hirisvs7fi93sy6v0s23b6mfsp0r9-python3.12-poetry-2.0.1-dist"
            }
          ],
          "store_path": "/nix/store/lkg375pric4dk6zv3y41whbxlknl4wap-python3.12-poetry-2.0.1"
        },
        "aarch64-linux": {
          "outputs": [
            {
              "name": "out",
              "path": "/nix/store/sj7izm1f5b5cqcl3fyvfzapgdjfxczwm-python3.12-poetry-2.0.1",
              "default": true
            },
            {
              "name": "dist",
              "path": "/nix/store/rrag90s4fyv5p9l9zb91a7im2rqirxz9-python3.12-poetry-2.0.1-dist"
            }
          ],
          "store_path": "/nix/store/sj7izm1f5b5cqcl3fyvfzapgdjfxczwm-python3.12-poetry-2.0.1"
        },
        "x86_64-darwin": {
          "outputs": [
            {
              "name": "out",
              "path": "/nix/store/cx10pq9ld7dabfdld5cww3jwv7r9frj0-python3.12-poetry-2.0.1",
              "default": true
            },
            {
              "name": "dist",
              "path": "/nix/store/09f6nf6wifq67xpa3lyq1cv9c2jyanwb-python3.12-poetry-2.0.1-dist"
            }
          ],
          "store_path": "/nix/store/cx10pq9ld7dabfdld5cww3jwv7r9frj0-python3.12-poetry-2.0.1"
        },
        "x86_64-linux": {
          "outputs": [
            {
              "name": "out",
              "path": "/nix/store/xr08anzxwdgldcc5y28dlg8r2jv362j3-python3.12-poetry-2.0.1",
              "default": true
            },
            {
              "name": "dist",
              "path": "/nix/store/rm2ccyw884vjwqw3h7dqw5igb3b802b0-python3.12-poetry-2.0.1-dist"
            }
          ],
          "store_path": "/nix/store/xr08anzxwdgldcc5y28dlg8r2jv362j3-python3.12-poetry-2.0.1"
        }
      }
    },
    "poetryPlugins.poetry-plugin-export@latest": {
      "last_modified": "2025-02-12T00:10:52Z",
      "resolved": "github:NixOS/nixpkgs/83a2581c81ff5b06f7c1a4e7cc736a455dfcf7b4#poetryPlugins.poetry-plugin-export",
      "source": "devbox-search",
      "version": "1.9.0",
      "systems": {
        "aarch64-darwin": {
          "outputs": [
            {
              "name": "out",
              "path": "/nix/store/pi8f3hhxmjfb6bdvanzx65jrlw0wg2q9-python3.12-poetry-plugin-export-1.9.0",
              "default": true
            },
            {
              "name": "dist",
              "path": "/nix/store/llrjap5jfpz013r0vnda4m95zn3mzjhi-python3.12-poetry-plugin-export-1.9.0-dist"
            }
          ],
          "store_path": "/nix/store/pi8f3hhxmjfb6bdvanzx65jrlw0wg2q9-python3.12-poetry-plugin-export-1.9.0"
        },
        "aarch64-linux": {
          "outputs": [
            {
              "name": "out",
              "path": "/nix/store/7c2v4mhycxljm8wi9mbasx9z2hcvlp21-python3.12-poetry-plugin-export-1.9.0",
              "default": true
            },
            {
              "name": "dist",
              "path": "/nix/store/1n0zprlrkl1xlsbdga36wg3c9j4w0ly5-python3.12-poetry-plugin-export-1.9.0-dist"
            }
          ],
          "store_path": "/nix/store/7c2v4mhycxljm8wi9mbasx9z2hcvlp21-python3.12-poetry-plugin-export-1.9.0"
        },
        "x86_64-darwin": {
          "outputs": [
            {
              "name": "out",
              "path": "/nix/store/n93hch1whw788j6pj24mxn6ylkarask7-python3.12-poetry-plugin-export-1.9.0",
              "default": true
            },
            {
              "name": "dist",
              "path": "/nix/store/bl1rkfw33gfma56c30f981d3j5ijdlkw-python3.12-poetry-plugin-export-1.9.0-dist"
            }
          ],
          "store_path": "/nix/store/n93hch1whw788j6pj24mxn6ylkarask7-python3.12-poetry-plugin-export-1.9.0"
        },
        "x86_64-linux": {
          "outputs": [
            {
              "name": "out",
              "path": "/nix/store/67v5pmh6n9vw3r12bbmfjrndafshizya-python3.12-poetry-plugin-export-1.9.0",
              "default": true
            },
            {
              "name": "dist",
              "path": "/nix/store/idrdzdh6ima72d2ahiq9sivq645mls6c-python3.12-poetry-plugin-export-1.9.0-dist"
            }
          ],
          "store_path": "/nix/store/67v5pmh6n9vw3r12bbmfjrndafshizya-python3.12-poetry-plugin-export-1.9.0"
        }
      }
    },
    "python@3.11.11": {
      "last_modified": "2025-02-07T11:26:36Z",
      "plugin_version": "0.0.4",
      "resolved": "github:NixOS/nixpkgs/d98abf5cf5914e5e4e9d57205e3af55ca90ffc1d#python311",
      "source": "devbox-search",
      "version": "3.11.11",
      "systems": {
        "aarch64-darwin": {
          "outputs": [
            {
              "name": "out",
              "path": "/nix/store/p8cd5z09ranvxg3s5yapraag6m4ka4qb-python3-3.11.11",
              "default": true
            }
          ],
          "store_path": "/nix/store/p8cd5z09ranvxg3s5yapraag6m4ka4qb-python3-3.11.11"
        },
        "aarch64-linux": {
          "outputs": [
            {
              "name": "out",
              "path": "/nix/store/i7svvkm9ndrh1kwr4xhkh0df1d78fcjs-python3-3.11.11",
              "default": true
            },
            {
              "name": "debug",
              "path": "/nix/store/gwicdi09hhln3vg650zkgm9c0maci7l1-python3-3.11.11-debug"
            }
          ],
          "store_path": "/nix/store/i7svvkm9ndrh1kwr4xhkh0df1d78fcjs-python3-3.11.11"
        },
        "x86_64-darwin": {
          "outputs": [
            {
              "name": "out",
              "path": "/nix/store/sr93yld4gx5mj6zx9217q11g2hd1nzjl-python3-3.11.11",
              "default": true
            }
          ],
          "store_path": "/nix/store/sr93yld4gx5mj6zx9217q11g2hd1nzjl-python3-3.11.11"
        },
        "x86_64-linux": {
          "outputs": [
            {
              "name": "out",
              "path": "/nix/store/gzl581vkwymk2iys5zz6k1k1zdf03ba1-python3-3.11.11",
              "default": true
            },
            {
              "name": "debug",
              "path": "/nix/store/1jhiyg13j8w45ix39c687csv22shqdss-python3-3.11.11-debug"
            }
          ],
          "store_path": "/nix/store/gzl581vkwymk2iys5zz6k1k1zdf03ba1-python3-3.11.11"
        }
      }
    },
    "xfsprogs@latest": {
      "last_modified": "2025-02-24T19:15:38Z",
      "resolved": "github:NixOS/nixpkgs/39d921ecb8fc4028eb43d9a87bdeef55ff86fa9b#xfsprogs",
      "source": "devbox-search",
      "version": "6.13.0",
      "systems": {
        "aarch64-linux": {
          "outputs": [
            {
              "name": "bin",
              "path": "/nix/store/h6n9zn1xli5mgl203am60l9xbnj2q8gh-xfsprogs-6.13.0-bin",
              "default": true
            },
            {
              "name": "dev",
              "path": "/nix/store/50v1cfq9jfn722kmn1d88krfrm5qs418-xfsprogs-6.13.0-dev"
            },
            {
              "name": "doc",
              "path": "/nix/store/1rblh6ysmdg2sh5h6b6s5w5iv0mhygnm-xfsprogs-6.13.0-doc"
            },
            {
              "name": "out",
              "path": "/nix/store/wzr54ls1dgpywagc2hrgcq74xcm024j6-xfsprogs-6.13.0"
            }
          ],
          "store_path": "/nix/store/h6n9zn1xli5mgl203am60l9xbnj2q8gh-xfsprogs-6.13.0-bin"
        },
        "x86_64-linux": {
          "outputs": [
            {
              "name": "bin",
              "path": "/nix/store/4sssiw12yw7x1s4qklznhiv639xbks73-xfsprogs-6.13.0-bin",
              "default": true
            },
            {
              "name": "dev",
              "path": "/nix/store/f3zbi6hhssj22ld0v6avdw6pqz4lxr6v-xfsprogs-6.13.0-dev"
            },
            {
              "name": "doc",
              "path": "/nix/store/pw9fsf3xxjv9607y2hj2rx3mnf8krl0v-xfsprogs-6.13.0-doc"
            },
            {
              "name": "out",
              "path": "/nix/store/65yx0mpnn4cvj62d90bqd59p7cv0b9v5-xfsprogs-6.13.0"
            }
          ],
          "store_path": "/nix/store/4sssiw12yw7x1s4qklznhiv639xbks73-xfsprogs-6.13.0-bin"
        }
      }
    },
    "yq@latest": {
      "last_modified": "2025-02-07T11:26:36Z",
      "resolved": "github:NixOS/nixpkgs/d98abf5cf5914e5e4e9d57205e3af55ca90ffc1d#yq",
      "source": "devbox-search",
      "version": "3.4.3",
      "systems": {
        "aarch64-darwin": {
          "outputs": [
            {
              "name": "out",
              "path": "/nix/store/v9yy5v1c0apl97p0605cg7vci4qc93b9-python3.12-yq-3.4.3",
              "default": true
            },
            {
              "name": "dist",
              "path": "/nix/store/jf31iagabamjriagnhdh8v829bxp3x1l-python3.12-yq-3.4.3-dist"
            }
          ],
          "store_path": "/nix/store/v9yy5v1c0apl97p0605cg7vci4qc93b9-python3.12-yq-3.4.3"
        },
        "aarch64-linux": {
          "outputs": [
            {
              "name": "out",
              "path": "/nix/store/rxi4x0wfz4rbb5lxyzz6jddpfxv3pkdn-python3.12-yq-3.4.3",
              "default": true
            },
            {
              "name": "dist",
              "path": "/nix/store/j38zha42fr87gnm7jx2gib078d36827m-python3.12-yq-3.4.3-dist"
            }
          ],
          "store_path": "/nix/store/rxi4x0wfz4rbb5lxyzz6jddpfxv3pkdn-python3.12-yq-3.4.3"
        },
        "x86_64-darwin": {
          "outputs": [
            {
              "name": "out",
              "path": "/nix/store/p7xdd6sx4gnf5xcrcdygdfdrj2q9kmry-python3.12-yq-3.4.3",
              "default": true
            },
            {
              "name": "dist",
              "path": "/nix/store/0mwlgnimbymqwzw7vj19krh6160lsv08-python3.12-yq-3.4.3-dist"
            }
          ],
          "store_path": "/nix/store/p7xdd6sx4gnf5xcrcdygdfdrj2q9kmry-python3.12-yq-3.4.3"
        },
        "x86_64-linux": {
          "outputs": [
            {
              "name": "out",
              "path": "/nix/store/31lnsrjsmydz1ar463m9xmj2qwgqvqg0-python3.12-yq-3.4.3",
              "default": true
            },
            {
              "name": "dist",
              "path": "/nix/store/8rdx32agz74pgxwj1drfbykcyxrxifwk-python3.12-yq-3.4.3-dist"
            }
          ],
          "store_path": "/nix/store/31lnsrjsmydz1ar463m9xmj2qwgqvqg0-python3.12-yq-3.4.3"
        }
      }
    }
  }
}
