{
  "lockfile_version": "1",
  "packages": {
    "expect@latest": {
      "last_modified": "2025-01-19T08:16:51Z",
      "resolved": "github:NixOS/nixpkgs/50165c4f7eb48ce82bd063e1fb8047a0f515f8ce#expect",
      "source": "devbox-search",
      "version": "5.45.4",
      "systems": {
        "aarch64-darwin": {
          "outputs": [
            {
              "name": "out",
              "path": "/nix/store/cph7imw6qfn6cq8ym5603xkxhdlsizjm-expect-5.45.4",
              "default": true
            },
            {
              "name": "dev",
              "path": "/nix/store/xzniwhxv18wni8rxx05w0sgmlfgfj1qc-expect-5.45.4-dev"
            }
          ],
          "store_path": "/nix/store/cph7imw6qfn6cq8ym5603xkxhdlsizjm-expect-5.45.4"
        },
        "aarch64-linux": {
          "outputs": [
            {
              "name": "out",
              "path": "/nix/store/39vqn85qqhgkj8z0h16cqwysshmwxf5s-expect-5.45.4",
              "default": true
            },
            {
              "name": "dev",
              "path": "/nix/store/m28iyvsymr1saygm30jjd78cjnzrbijh-expect-5.45.4-dev"
            }
          ],
          "store_path": "/nix/store/39vqn85qqhgkj8z0h16cqwysshmwxf5s-expect-5.45.4"
        },
        "x86_64-darwin": {
          "outputs": [
            {
              "name": "out",
              "path": "/nix/store/7m55x575rsbp9lrcymm7nqq6ibm2yyav-expect-5.45.4",
              "default": true
            },
            {
              "name": "dev",
              "path": "/nix/store/a5h7pic6k9pr8b6xi1a878lp8arhc5j7-expect-5.45.4-dev"
            }
          ],
          "store_path": "/nix/store/7m55x575rsbp9lrcymm7nqq6ibm2yyav-expect-5.45.4"
        },
        "x86_64-linux": {
          "outputs": [
            {
              "name": "out",
              "path": "/nix/store/7y7bgwfiqpzkbrvlkqljwafqcl95zq36-expect-5.45.4",
              "default": true
            },
            {
              "name": "dev",
              "path": "/nix/store/7p8037j6fp2vvwcy2sp3qwz4s51v8gxm-expect-5.45.4-dev"
            }
          ],
          "store_path": "/nix/store/7y7bgwfiqpzkbrvlkqljwafqcl95zq36-expect-5.45.4"
        }
      }
    },
    "github:NixOS/nixpkgs/nixpkgs-unstable": {
      "last_modified": "2025-05-29T08:12:58Z",
      "resolved": "github:NixOS/nixpkgs/3866ad91cfc172f08a6839def503d8fc2923c603?lastModified=1748506378&narHash=sha256-oS0Gxh63Df8b8r04lqEYDDLKhHIrVr9%2FJLOn2bn8JaI%3D"
    },
    "gnumake@latest": {
      "last_modified": "2025-02-01T15:12:02Z",
      "resolved": "github:NixOS/nixpkgs/102a39bfee444533e6b4e8611d7e92aa39b7bec1#gnumake",
      "source": "devbox-search",
      "version": "4.4.1",
      "systems": {
        "aarch64-darwin": {
          "outputs": [
            {
              "name": "out",
              "path": "/nix/store/lgwqlms7xmi8blp2859r44kjacr5zxh4-gnumake-4.4.1",
              "default": true
            },
            {
              "name": "man",
              "path": "/nix/store/dwxn1hp17lavlpxrgbd3pli3xrrlcwbf-gnumake-4.4.1-man",
              "default": true
            },
            {
              "name": "info",
              "path": "/nix/store/4mafcvbla79xbj2fz6i1minp5lzswxpd-gnumake-4.4.1-info"
            }
          ],
          "store_path": "/nix/store/lgwqlms7xmi8blp2859r44kjacr5zxh4-gnumake-4.4.1"
        },
        "aarch64-linux": {
          "outputs": [
            {
              "name": "out",
              "path": "/nix/store/zrsbdqh6l91d978fdavi7hvpmb2ihw99-gnumake-4.4.1",
              "default": true
            },
            {
              "name": "man",
              "path": "/nix/store/ax9cdx1w6jj511q0vlhh313qf3gmvg13-gnumake-4.4.1-man",
              "default": true
            },
            {
              "name": "debug",
              "path": "/nix/store/rvl823mgrpnd086jgi3v96vh12ghkcvd-gnumake-4.4.1-debug"
            },
            {
              "name": "info",
              "path": "/nix/store/spf1ilhshgxpwqaybd4wbb302al98ws4-gnumake-4.4.1-info"
            }
          ],
          "store_path": "/nix/store/zrsbdqh6l91d978fdavi7hvpmb2ihw99-gnumake-4.4.1"
        },
        "x86_64-darwin": {
          "outputs": [
            {
              "name": "out",
              "path": "/nix/store/85rlha3lfj2l14c9d0fz3k0crvps3baw-gnumake-4.4.1",
              "default": true
            },
            {
              "name": "man",
              "path": "/nix/store/y99mf9qv9kbbxcwb9l187h3y4khhmjyc-gnumake-4.4.1-man",
              "default": true
            },
            {
              "name": "info",
              "path": "/nix/store/rjyq24zm3l6q0s6pv2c1aapx7mbfaz50-gnumake-4.4.1-info"
            }
          ],
          "store_path": "/nix/store/85rlha3lfj2l14c9d0fz3k0crvps3baw-gnumake-4.4.1"
        },
        "x86_64-linux": {
          "outputs": [
            {
              "name": "out",
              "path": "/nix/store/lsy9s0skv65xhprr9yhmig2c844qgi5f-gnumake-4.4.1",
              "default": true
            },
            {
              "name": "man",
              "path": "/nix/store/ndg9b34ayibwwf7z0i2vajgh3kxyk43r-gnumake-4.4.1-man",
              "default": true
            },
            {
              "name": "debug",
              "path": "/nix/store/70idd90xklk1iah6c3xyb1kgrc86hj42-gnumake-4.4.1-debug"
            },
            {
              "name": "info",
              "path": "/nix/store/jxg6sn1ang81pyp3l66i8c0gncnkdhdh-gnumake-4.4.1-info"
            }
          ],
          "store_path": "/nix/store/lsy9s0skv65xhprr9yhmig2c844qgi5f-gnumake-4.4.1"
        }
      }
    },
    "gnupg@latest": {
      "last_modified": "2025-01-19T08:16:51Z",
      "resolved": "github:NixOS/nixpkgs/50165c4f7eb48ce82bd063e1fb8047a0f515f8ce#gnupg",
      "source": "devbox-search",
      "version": "2.4.7",
      "systems": {
        "aarch64-darwin": {
          "outputs": [
            {
              "name": "out",
              "path": "/nix/store/gaikwr7wn2vf3fwr81iixf4nlj09j46r-gnupg-2.4.7",
              "default": true
            }
          ],
          "store_path": "/nix/store/gaikwr7wn2vf3fwr81iixf4nlj09j46r-gnupg-2.4.7"
        },
        "aarch64-linux": {
          "outputs": [
            {
              "name": "out",
              "path": "/nix/store/455gdy21gjrm1v5w83rfl9qv0bqvkqhd-gnupg-2.4.7",
              "default": true
            }
          ],
          "store_path": "/nix/store/455gdy21gjrm1v5w83rfl9qv0bqvkqhd-gnupg-2.4.7"
        },
        "x86_64-darwin": {
          "outputs": [
            {
              "name": "out",
              "path": "/nix/store/0hjc5nlll228q67rkan6v6jb070mqri6-gnupg-2.4.7",
              "default": true
            }
          ],
          "store_path": "/nix/store/0hjc5nlll228q67rkan6v6jb070mqri6-gnupg-2.4.7"
        },
        "x86_64-linux": {
          "outputs": [
            {
              "name": "out",
              "path": "/nix/store/5h2h4zjaka0d7y3b94k5h5ax5fkwwnm9-gnupg-2.4.7",
              "default": true
            }
          ],
          "store_path": "/nix/store/5h2h4zjaka0d7y3b94k5h5ax5fkwwnm9-gnupg-2.4.7"
        }
      }
    },
    "libvirt@latest": {
      "last_modified": "2025-01-31T04:26:24Z",
      "resolved": "github:NixOS/nixpkgs/9189ac18287c599860e878e905da550aa6dec1cd#libvirt",
      "source": "devbox-search",
      "version": "10.10.0",
      "systems": {
        "aarch64-darwin": {
          "outputs": [
            {
              "name": "out",
              "path": "/nix/store/7zin6g69nznpwmccnl08bzwy7c7fqqrw-libvirt-10.10.0",
              "default": true
            }
          ],
          "store_path": "/nix/store/7zin6g69nznpwmccnl08bzwy7c7fqqrw-libvirt-10.10.0"
        },
        "aarch64-linux": {
          "outputs": [
            {
              "name": "out",
              "path": "/nix/store/qk6qm9vfd46h3jz2gw5dxidma6rfyqp6-libvirt-10.10.0",
              "default": true
            }
          ],
          "store_path": "/nix/store/qk6qm9vfd46h3jz2gw5dxidma6rfyqp6-libvirt-10.10.0"
        },
        "x86_64-darwin": {
          "outputs": [
            {
              "name": "out",
              "path": "/nix/store/2aln3fczchz6nb3b8xc6prifyif3j0xj-libvirt-10.10.0",
              "default": true
            }
          ],
          "store_path": "/nix/store/2aln3fczchz6nb3b8xc6prifyif3j0xj-libvirt-10.10.0"
        },
        "x86_64-linux": {
          "outputs": [
            {
              "name": "out",
              "path": "/nix/store/bg0v6d3c7jjq1hlmmvdg2lxvbh7032jy-libvirt-10.10.0",
              "default": true
            }
          ],
          "store_path": "/nix/store/bg0v6d3c7jjq1hlmmvdg2lxvbh7032jy-libvirt-10.10.0"
        }
      }
    },
    "networkmanager@latest": {
      "last_modified": "2025-02-09T21:53:45Z",
      "resolved": "github:NixOS/nixpkgs/b2243f41e860ac85c0b446eadc6930359b294e79#networkmanager",
      "source": "devbox-search",
      "version": "1.48.10",
      "systems": {
        "aarch64-linux": {
          "outputs": [
            {
              "name": "out",
              "path": "/nix/store/17xzq57wwwrch58zfrw9ixdqyw0apx6r-networkmanager-1.48.10",
              "default": true
            },
            {
              "name": "man",
              "path": "/nix/store/63qk06crwqaw7wlwy6jifw5d9swz0qga-networkmanager-1.48.10-man",
              "default": true
            },
            {
              "name": "dev",
              "path": "/nix/store/74hx4ky43gx1576mfdfd6b269hy2kf4v-networkmanager-1.48.10-dev"
            },
            {
              "name": "devdoc",
              "path": "/nix/store/zq1f34nsg3kg4k2pxja3924p1ckd0q0j-networkmanager-1.48.10-devdoc"
            },
            {
              "name": "doc",
              "path": "/nix/store/makvl6xy4nrk46d8v6v1cx57fb34pwcx-networkmanager-1.48.10-doc"
            }
          ],
          "store_path": "/nix/store/17xzq57wwwrch58zfrw9ixdqyw0apx6r-networkmanager-1.48.10"
        },
        "x86_64-linux": {
          "outputs": [
            {
              "name": "out",
              "path": "/nix/store/pwwrmcxacbf047ms820v475cz0kkyrmp-networkmanager-1.48.10",
              "default": true
            },
            {
              "name": "man",
              "path": "/nix/store/ysc36hcprk0x7h29a7j36qd6p89h5kmh-networkmanager-1.48.10-man",
              "default": true
            },
            {
              "name": "dev",
              "path": "/nix/store/kvdss0qr7ppfzwdr804dy85h345hgwxh-networkmanager-1.48.10-dev"
            },
            {
              "name": "devdoc",
              "path": "/nix/store/wnmq2879nn14lq0fcy3x9cc488l1n62j-networkmanager-1.48.10-devdoc"
            },
            {
              "name": "doc",
              "path": "/nix/store/4ia697zdxnp45458ywqn87gcr1irwqni-networkmanager-1.48.10-doc"
            }
          ],
          "store_path": "/nix/store/pwwrmcxacbf047ms820v475cz0kkyrmp-networkmanager-1.48.10"
        }
      }
    },
    "python@3.12.11": {
      "last_modified": "2025-06-20T02:24:11Z",
      "plugin_version": "0.0.4",
      "resolved": "github:NixOS/nixpkgs/076e8c6678d8c54204abcb4b1b14c366835a58bb#python312",
      "source": "devbox-search",
      "version": "3.12.11",
      "systems": {
        "aarch64-darwin": {
          "outputs": [
            {
              "name": "out",
              "path": "/nix/store/q54d9qqlb27g2nf9ja4zsa89gl7b3yvm-python3-3.12.11",
              "default": true
            }
          ],
          "store_path": "/nix/store/q54d9qqlb27g2nf9ja4zsa89gl7b3yvm-python3-3.12.11"
        },
        "aarch64-linux": {
          "outputs": [
            {
              "name": "out",
              "path": "/nix/store/3ib0x9qs9bwg4nfkrk18rk1dx6yng0ga-python3-3.12.11",
              "default": true
            },
            {
              "name": "debug",
              "path": "/nix/store/ayv6k8h3mhdxkr61nv5c0ib2lpgs59md-python3-3.12.11-debug"
            }
          ],
          "store_path": "/nix/store/3ib0x9qs9bwg4nfkrk18rk1dx6yng0ga-python3-3.12.11"
        },
        "x86_64-darwin": {
          "outputs": [
            {
              "name": "out",
              "path": "/nix/store/q2y1zwszjmsap7r6nbk4dxbcsm47abfx-python3-3.12.11",
              "default": true
            }
          ],
          "store_path": "/nix/store/q2y1zwszjmsap7r6nbk4dxbcsm47abfx-python3-3.12.11"
        },
        "x86_64-linux": {
          "outputs": [
            {
              "name": "out",
              "path": "/nix/store/89laaz8x9pdydxzz74p0vd8vdj0szqbq-python3-3.12.11",
              "default": true
            },
            {
              "name": "debug",
              "path": "/nix/store/prihzlrq8b5km32h61056adn8vpmnlgj-python3-3.12.11-debug"
            }
          ],
          "store_path": "/nix/store/89laaz8x9pdydxzz74p0vd8vdj0szqbq-python3-3.12.11"
        }
      }
    },
    "uv@latest": {
      "last_modified": "2025-06-20T02:24:11Z",
      "resolved": "github:NixOS/nixpkgs/076e8c6678d8c54204abcb4b1b14c366835a58bb#uv",
      "source": "devbox-search",
      "version": "0.7.13",
      "systems": {
        "aarch64-darwin": {
          "outputs": [
            {
              "name": "out",
              "path": "/nix/store/hmclm5fmfp768a1k4p6z9h00axs1x661-uv-0.7.13",
              "default": true
            }
          ],
          "store_path": "/nix/store/hmclm5fmfp768a1k4p6z9h00axs1x661-uv-0.7.13"
        },
        "aarch64-linux": {
          "outputs": [
            {
              "name": "out",
              "path": "/nix/store/fqz5mjisr61qfyvy65vsq8fc658yxl3s-uv-0.7.13",
              "default": true
            }
          ],
          "store_path": "/nix/store/fqz5mjisr61qfyvy65vsq8fc658yxl3s-uv-0.7.13"
        },
        "x86_64-darwin": {
          "outputs": [
            {
              "name": "out",
              "path": "/nix/store/zdfk35zhbwd68gpp9dasj5l3zsmxiil5-uv-0.7.13",
              "default": true
            }
          ],
          "store_path": "/nix/store/zdfk35zhbwd68gpp9dasj5l3zsmxiil5-uv-0.7.13"
        },
        "x86_64-linux": {
          "outputs": [
            {
              "name": "out",
              "path": "/nix/store/fgp23ib0mjw92dd4yg685c6b6q6amb0q-uv-0.7.13",
              "default": true
            }
          ],
          "store_path": "/nix/store/fgp23ib0mjw92dd4yg685c6b6q6amb0q-uv-0.7.13"
        }
      }
    },
    "xfsprogs@latest": {
      "last_modified": "2025-02-09T21:53:45Z",
      "resolved": "github:NixOS/nixpkgs/b2243f41e860ac85c0b446eadc6930359b294e79#xfsprogs",
      "source": "devbox-search",
      "version": "6.12.0",
      "systems": {
        "aarch64-linux": {
          "outputs": [
            {
              "name": "bin",
              "path": "/nix/store/d51bx9wwp1y0zgn4gxxs6yzis069lkrs-xfsprogs-6.12.0-bin",
              "default": true
            },
            {
              "name": "dev",
              "path": "/nix/store/drs5g5y0ppz4v6r249s893p3j2a6bzb3-xfsprogs-6.12.0-dev"
            },
            {
              "name": "doc",
              "path": "/nix/store/nhiq4l1jcvwa9sizypnxb467spmxrfn4-xfsprogs-6.12.0-doc"
            },
            {
              "name": "out",
              "path": "/nix/store/9diihqjkmh4ahdvl9cp3dxipc1pxyzmy-xfsprogs-6.12.0"
            }
          ],
          "store_path": "/nix/store/d51bx9wwp1y0zgn4gxxs6yzis069lkrs-xfsprogs-6.12.0-bin"
        },
        "x86_64-linux": {
          "outputs": [
            {
              "name": "bin",
              "path": "/nix/store/q80hcbamr2blysjxibw3ygf6y0vq5yr6-xfsprogs-6.12.0-bin",
              "default": true
            },
            {
              "name": "out",
              "path": "/nix/store/4xsqhji0bff54rj828y8yag11iv3nxvp-xfsprogs-6.12.0"
            },
            {
              "name": "dev",
              "path": "/nix/store/9w04b4r3r0vzigvgia4kz08h7097psil-xfsprogs-6.12.0-dev"
            },
            {
              "name": "doc",
              "path": "/nix/store/c7ypn6m02bmi15fqvqc6wsxhi3kh5qbj-xfsprogs-6.12.0-doc"
            }
          ],
          "store_path": "/nix/store/q80hcbamr2blysjxibw3ygf6y0vq5yr6-xfsprogs-6.12.0-bin"
        }
      }
    },
    "yq@latest": {
      "last_modified": "2025-01-19T08:16:51Z",
      "resolved": "github:NixOS/nixpkgs/50165c4f7eb48ce82bd063e1fb8047a0f515f8ce#yq",
      "source": "devbox-search",
      "version": "3.4.3",
      "systems": {
        "aarch64-darwin": {
          "outputs": [
            {
              "name": "out",
              "path": "/nix/store/v9yy5v1c0apl97p0605cg7vci4qc93b9-python3.12-yq-3.4.3",
              "default": true
            },
            {
              "name": "dist",
              "path": "/nix/store/jf31iagabamjriagnhdh8v829bxp3x1l-python3.12-yq-3.4.3-dist"
            }
          ],
          "store_path": "/nix/store/v9yy5v1c0apl97p0605cg7vci4qc93b9-python3.12-yq-3.4.3"
        },
        "aarch64-linux": {
          "outputs": [
            {
              "name": "out",
              "path": "/nix/store/rxi4x0wfz4rbb5lxyzz6jddpfxv3pkdn-python3.12-yq-3.4.3",
              "default": true
            },
            {
              "name": "dist",
              "path": "/nix/store/j38zha42fr87gnm7jx2gib078d36827m-python3.12-yq-3.4.3-dist"
            }
          ],
          "store_path": "/nix/store/rxi4x0wfz4rbb5lxyzz6jddpfxv3pkdn-python3.12-yq-3.4.3"
        },
        "x86_64-darwin": {
          "outputs": [
            {
              "name": "out",
              "path": "/nix/store/cyjgcan8s893ws34czsym2py628nhx10-python3.12-yq-3.4.3",
              "default": true
            },
            {
              "name": "dist",
              "path": "/nix/store/8gz13jiwl5lqzfmw4mlq5fy51wi58b9b-python3.12-yq-3.4.3-dist"
            }
          ],
          "store_path": "/nix/store/cyjgcan8s893ws34czsym2py628nhx10-python3.12-yq-3.4.3"
        },
        "x86_64-linux": {
          "outputs": [
            {
              "name": "out",
              "path": "/nix/store/8iffgndwjvbbp4fd9mr0y6ncnxqwi5k8-python3.12-yq-3.4.3",
              "default": true
            },
            {
              "name": "dist",
              "path": "/nix/store/xr1fscgpw10gzi2jnnxy85sk2sgqb507-python3.12-yq-3.4.3-dist"
            }
          ],
          "store_path": "/nix/store/8iffgndwjvbbp4fd9mr0y6ncnxqwi5k8-python3.12-yq-3.4.3"
        }
      }
    }
  }
}
